<?xml version="1.0" encoding="utf-8"?>
<Project ToolsVersion="4.0" xmlns="http://schemas.microsoft.com/developer/msbuild/2003">
  <ItemGroup>
    <Filter Include="源文件">
      <UniqueIdentifier>{4FC737F1-C7A5-4376-A066-2A32D752A2FF}</UniqueIdentifier>
      <Extensions>cpp;c;cc;cxx;def;odl;idl;hpj;bat;asm;asmx</Extensions>
    </Filter>
    <Filter Include="头文件">
      <UniqueIdentifier>{93995380-89BD-4b04-88EB-625FBE52EBFB}</UniqueIdentifier>
      <Extensions>h;hh;hpp;hxx;hm;inl;inc;ipp;xsd</Extensions>
    </Filter>
    <Filter Include="资源文件">
      <UniqueIdentifier>{67DA6AB6-F800-4c08-8B7A-83BB121AAD01}</UniqueIdentifier>
      <Extensions>rc;ico;cur;bmp;dlg;rc2;rct;bin;rgs;gif;jpg;jpeg;jpe;resx;tiff;tif;png;wav;mfcribbon-ms</Extensions>
    </Filter>
  </ItemGroup>
  <ItemGroup>
    <ClCompile Include="Win32\Button.cpp">
      <Filter>源文件</Filter>
    </ClCompile>
    <ClCompile Include="Win32\CheckBox.cpp">
      <Filter>源文件</Filter>
    </ClCompile>
    <ClCompile Include="Win32\ComboBox.cpp">
      <Filter>源文件</Filter>
    </ClCompile>
    <ClCompile Include="Win32\Control.cpp">
      <Filter>源文件</Filter>
    </ClCompile>
    <ClCompile Include="Win32\EditText.cpp">
      <Filter>源文件</Filter>
    </ClCompile>
    <ClCompile Include="Win32\FixedComboBox.cpp">
      <Filter>源文件</Filter>
    </ClCompile>
    <ClCompile Include="Win32\GroupBox.cpp">
      <Filter>源文件</Filter>
    </ClCompile>
    <ClCompile Include="Win32\ImageButton.cpp">
      <Filter>源文件</Filter>
    </ClCompile>
    <ClCompile Include="Win32\ImageList.cpp">
      <Filter>源文件</Filter>
    </ClCompile>
    <ClCompile Include="Win32\ListBox.cpp">
      <Filter>源文件</Filter>
    </ClCompile>
    <ClCompile Include="Win32\Manager.cpp">
      <Filter>源文件</Filter>
    </ClCompile>
    <ClCompile Include="Win32\MenuControl.cpp">
      <Filter>源文件</Filter>
    </ClCompile>
    <ClCompile Include="Win32\MultiEditText.cpp">
      <Filter>源文件</Filter>
    </ClCompile>
    <ClCompile Include="Win32\OGLWindow.cpp">
      <Filter>源文件</Filter>
    </ClCompile>
    <ClCompile Include="Win32\PictureBox.cpp">
      <Filter>源文件</Filter>
    </ClCompile>
    <ClCompile Include="Win32\ProgressBar.cpp">
      <Filter>源文件</Filter>
    </ClCompile>
    <ClCompile Include="Win32\RadioButton.cpp">
      <Filter>源文件</Filter>
    </ClCompile>
    <ClCompile Include="Win32\TabControl.cpp">
      <Filter>源文件</Filter>
    </ClCompile>
    <ClCompile Include="Win32\TextView.cpp">
      <Filter>源文件</Filter>
    </ClCompile>
    <ClCompile Include="Win32\TrackBar.cpp">
      <Filter>源文件</Filter>
    </ClCompile>
    <ClCompile Include="Win32\TreeView.cpp">
      <Filter>源文件</Filter>
    </ClCompile>
    <ClCompile Include="Win32\Window.cpp">
      <Filter>源文件</Filter>
    </ClCompile>
    <ClCompile Include="main.cpp">
      <Filter>源文件</Filter>
    </ClCompile>
  </ItemGroup>
  <ItemGroup>
    <ClInclude Include="Win32\Button.h">
      <Filter>头文件</Filter>
    </ClInclude>
    <ClInclude Include="Win32\CheckBox.h">
      <Filter>头文件</Filter>
    </ClInclude>
    <ClInclude Include="Win32\ComboBox.h">
      <Filter>头文件</Filter>
    </ClInclude>
    <ClInclude Include="Win32\Control.h">
      <Filter>头文件</Filter>
    </ClInclude>
    <ClInclude Include="Win32\Debug.h">
      <Filter>头文件</Filter>
    </ClInclude>
    <ClInclude Include="Win32\EditText.h">
      <Filter>头文件</Filter>
    </ClInclude>
    <ClInclude Include="Win32\FixedComboBox.h">
      <Filter>头文件</Filter>
    </ClInclude>
    <ClInclude Include="Win32\GroupBox.h">
      <Filter>头文件</Filter>
    </ClInclude>
    <ClInclude Include="Win32\ImageButton.h">
      <Filter>头文件</Filter>
    </ClInclude>
    <ClInclude Include="Win32\ImageList.h">
      <Filter>头文件</Filter>
    </ClInclude>
    <ClInclude Include="Win32\ListBox.h">
      <Filter>头文件</Filter>
    </ClInclude>
    <ClInclude Include="Win32\Manager.h">
      <Filter>头文件</Filter>
    </ClInclude>
    <ClInclude Include="Win32\MenuControl.h">
      <Filter>头文件</Filter>
    </ClInclude>
    <ClInclude Include="Win32\MultiEditText.h">
      <Filter>头文件</Filter>
    </ClInclude>
    <ClInclude Include="Win32\OGLWindow.h">
      <Filter>头文件</Filter>
    </ClInclude>
    <ClInclude Include="Win32\PictureBox.h">
      <Filter>头文件</Filter>
    </ClInclude>
    <ClInclude Include="Win32\ProgressBar.h">
      <Filter>头文件</Filter>
    </ClInclude>
    <ClInclude Include="Win32\RadioButton.h">
      <Filter>头文件</Filter>
    </ClInclude>
    <ClInclude Include="Win32\TabControl.h">
      <Filter>头文件</Filter>
    </ClInclude>
    <ClInclude Include="Win32\TextView.h">
      <Filter>头文件</Filter>
    </ClInclude>
    <ClInclude Include="Win32\TrackBar.h">
      <Filter>头文件</Filter>
    </ClInclude>
    <ClInclude Include="Win32\TreeView.h">
      <Filter>头文件</Filter>
    </ClInclude>
    <ClInclude Include="Win32\Window.h">
      <Filter>头文件</Filter>
    </ClInclude>
  </ItemGroup>
</Project>